# This file was autogenerated by Stack.
# You should not edit this file by hand.
# For more information, please see the documentation at:
#   https://docs.haskellstack.org/en/stable/lock_files

packages:
- completed:
    hackage: vector-0.12.3.1@sha256:672884b271c15501f1398dc1755c435d3659cf9aa77144c0316d055b5fbdfa82,7932
    pantry-tree:
      size: 3842
      sha256: 7201fd69d4558190fa28b3cc0a5e21a47453647c5ccb23d949a63ba07f0ef8b9
  original:
    hackage: vector-0.12.3.1@sha256:672884b271c15501f1398dc1755c435d3659cf9aa77144c0316d055b5fbdfa82,7932
- completed:
    hackage: primitive-0.7.3.0@sha256:6b28a1c0572f5ca50597ba8388aeade21515842969ae192cdc6bfca81367bf56,2951
    pantry-tree:
      size: 1655
      sha256: 4dd118201091c04a138a25e262ab61e8e64e811832eadd8b6b39d56504dfe045
  original:
    hackage: primitive-0.7.3.0@sha256:6b28a1c0572f5ca50597ba8388aeade21515842969ae192cdc6bfca81367bf56,2951
snapshots: []
